{
    "_readme": [
        "This file locks the dependencies of your project to a known state",
        "Read more about it at https://getcomposer.org/doc/01-basic-usage.md#installing-dependencies",
        "This file is @generated automatically"
    ],
    "content-hash": "93decb6ebd9a544cf97c2415038d3492",
    "packages": [
        {
            "name": "srwiez/thumbhash",
            "version": "1.1.0",
            "source": {
                "type": "git",
                "url": "https://github.com/SRWieZ/thumbhash.git",
                "reference": "eae467fa06c6aeb96c6910dc1ccb71af21cc1dca"
            },
            "dist": {
                "type": "zip",
                "url": "https://api.github.com/repos/SRWieZ/thumbhash/zipball/eae467fa06c6aeb96c6910dc1ccb71af21cc1dca",
                "reference": "eae467fa06c6aeb96c6910dc1ccb71af21cc1dca",
                "shasum": ""
            },
            "require": {
                "php": "^7.3 || ^8.0"
            },
            "require-dev": {
                "ext-gd": "*",
                "ext-imagick": "*",
                "pestphp/pest": "^1.0"
            },
            "type": "library",
            "autoload": {
                "files": [
                    "src/helpers.php"
                ],
                "psr-4": {
                    "Thumbhash\\": "src/"
                }
            },
            "notification-url": "https://packagist.org/downloads/",
            "license": [
                "MIT"
            ],
            "authors": [
                {
                    "name": "Eser DENIZ",
                    "email": "srwiez@gmail.com"
                }
            ],
            "description": "A brief description of your package",
            "support": {
                "issues": "https://github.com/SRWieZ/thumbhash/issues",
                "source": "https://github.com/SRWieZ/thumbhash/tree/1.1.0"
            },
            "time": "2023-03-24T16:07:54+00:00"
        }
    ],
    "packages-dev": [],
    "aliases": [],
    "minimum-stability": "stable",
    "stability-flags": [],
    "prefer-stable": false,
    "prefer-lowest": false,
    "platform": [],
    "platform-dev": [],
    "plugin-api-version": "2.3.0"
}
